
Microsoft Visual Studio Solution File, Format Version 10.00
# Visual Studio 2008
Project("{8BC9CEB8-8B4A-11D0-8D11-00A0C91BC942}") = "NetShield", "NetShield.vcproj", "{A5E80C82-169A-43E4-A298-F42A663E4D7A}"
EndProject
Project("{8BC9CEB8-8B4A-11D0-8D11-00A0C91BC942}") = "UltraPac", "..\tool\ultrapac\proj\UltraPac.vcproj", "{B3A18BC1-B17F-45E2-9066-1CBF79A4CD81}"
EndProject
Project("{8BC9CEB8-8B4A-11D0-8D11-00A0C91BC942}") = "TCPReassembler", "..\tool\tcpreassembler\proj\TCPReassembler.vcproj", "{84E6FAC9-5887-49D2-B012-74E3B8C42762}"
EndProject
Global
	GlobalSection(SolutionConfigurationPlatforms) = preSolution
		Debug|Win32 = Debug|Win32
		Debug|x64 = Debug|x64
		Release|Win32 = Release|Win32
		Release|x64 = Release|x64
	EndGlobalSection
	GlobalSection(ProjectConfigurationPlatforms) = postSolution
		{A5E80C82-169A-43E4-A298-F42A663E4D7A}.Debug|Win32.ActiveCfg = Debug|Win32
		{A5E80C82-169A-43E4-A298-F42A663E4D7A}.Debug|Win32.Build.0 = Debug|Win32
		{A5E80C82-169A-43E4-A298-F42A663E4D7A}.Debug|x64.ActiveCfg = Debug|Win32
		{A5E80C82-169A-43E4-A298-F42A663E4D7A}.Release|Win32.ActiveCfg = Release|Win32
		{A5E80C82-169A-43E4-A298-F42A663E4D7A}.Release|Win32.Build.0 = Release|Win32
		{A5E80C82-169A-43E4-A298-F42A663E4D7A}.Release|x64.ActiveCfg = Release|Win32
		{B3A18BC1-B17F-45E2-9066-1CBF79A4CD81}.Debug|Win32.ActiveCfg = Debug|Win32
		{B3A18BC1-B17F-45E2-9066-1CBF79A4CD81}.Debug|Win32.Build.0 = Debug|Win32
		{B3A18BC1-B17F-45E2-9066-1CBF79A4CD81}.Debug|x64.ActiveCfg = Debug|Win32
		{B3A18BC1-B17F-45E2-9066-1CBF79A4CD81}.Release|Win32.ActiveCfg = Release|Win32
		{B3A18BC1-B17F-45E2-9066-1CBF79A4CD81}.Release|Win32.Build.0 = Release|Win32
		{B3A18BC1-B17F-45E2-9066-1CBF79A4CD81}.Release|x64.ActiveCfg = Release|Win32
		{84E6FAC9-5887-49D2-B012-74E3B8C42762}.Debug|Win32.ActiveCfg = Debug|Win32
		{84E6FAC9-5887-49D2-B012-74E3B8C42762}.Debug|Win32.Build.0 = Debug|Win32
		{84E6FAC9-5887-49D2-B012-74E3B8C42762}.Debug|x64.ActiveCfg = Debug|Win32
		{84E6FAC9-5887-49D2-B012-74E3B8C42762}.Release|Win32.ActiveCfg = Release|Win32
		{84E6FAC9-5887-49D2-B012-74E3B8C42762}.Release|Win32.Build.0 = Release|Win32
		{84E6FAC9-5887-49D2-B012-74E3B8C42762}.Release|x64.ActiveCfg = Release|Win32
	EndGlobalSection
	GlobalSection(SolutionProperties) = preSolution
		HideSolutionNode = FALSE
	EndGlobalSection
EndGlobal
